{
  "name": "game",
  "version": "1.0.0",
  "lockfileVersion": 3,
  "requires": true,
  "packages": {
    "": {
      "name": "game",
      "version": "1.0.0",
      "license": "ISC",
      "dependencies": {
        "three": "^0.184.0",
        "yuka": "^0.7.8"
      }
    },
    "node_modules/three": {
      "version": "0.184.0",
      "resolved": "https://registry.npmjs.org/three/-/three-0.184.0.tgz",
      "integrity": "sha512-wtTRjG92pM5eUg/KuUnHsqSAlPM296brTOcLgMRqEeylYTh/CdtvKUvCyyCQTzFuStieWxvZb8mVTMvdPyUpxg==",
      "license": "MIT"
    },
    "node_modules/yuka": {
      "version": "0.7.8",
      "resolved": "https://registry.npmjs.org/yuka/-/yuka-0.7.8.tgz",
      "integrity": "sha512-G/pFcMZh2Azz7Yy500NSV1jQ0Ru7h9hTNyEW+HjRXcdzjJIyp/3mCGspnx7VJVP06zxORqK6mkl5TywLqVUnVg==",
      "license": "MIT"
    }
  }
}
